
Microsoft Visual Studio Solution File, Format Version 12.00
# Visual Studio 15
VisualStudioVersion = 15.0.27130.2026
MinimumVisualStudioVersion = 10.0.40219.1
Project("{FAE04EC0-301F-11D3-BF4B-00C04F79EFBC}") = "Solucion_TP7", "Solucion_TP7\Solucion_TP7.csproj", "{8FE19923-C55A-4CA1-8284-17563AD77EA1}"
EndProject
Global
	GlobalSection(SolutionConfigurationPlatforms) = preSolution
		Debug|Any CPU = Debug|Any CPU
		Release|Any CPU = Release|Any CPU
	EndGlobalSection
	GlobalSection(ProjectConfigurationPlatforms) = postSolution
		{8FE19923-C55A-4CA1-8284-17563AD77EA1}.Debug|Any CPU.ActiveCfg = Debug|Any CPU
		{8FE19923-C55A-4CA1-8284-17563AD77EA1}.Debug|Any CPU.Build.0 = Debug|Any CPU
		{8FE19923-C55A-4CA1-8284-17563AD77EA1}.Release|Any CPU.ActiveCfg = Release|Any CPU
		{8FE19923-C55A-4CA1-8284-17563AD77EA1}.Release|Any CPU.Build.0 = Release|Any CPU
	EndGlobalSection
	GlobalSection(SolutionProperties) = preSolution
		HideSolutionNode = FALSE
	EndGlobalSection
	GlobalSection(ExtensibilityGlobals) = postSolution
		SolutionGuid = {A5D80EC3-1C17-4D8A-8FD8-A93E10B88854}
	EndGlobalSection
EndGlobal
